// !$*UTF8*$!
{
	archiveVersion = 1;
	classes = {
	};
	objectVersion = 46;
	objects = {

/* Begin PBXBuildFile section */
		6E0AB2811B30526B0015AB8C /* AppDelegate.swift in Sources */ = {isa = PBXBuildFile; fileRef = 6E0AB2801B30526B0015AB8C /* AppDelegate.swift */; };
		6E0AB2841B30526B0015AB8C /* MCP_2015.xcdatamodeld in Sources */ = {isa = PBXBuildFile; fileRef = 6E0AB2821B30526B0015AB8C /* MCP_2015.xcdatamodeld */; };
		6E0AB2861B30526B0015AB8C /* ViewController.swift in Sources */ = {isa = PBXBuildFile; fileRef = 6E0AB2851B30526B0015AB8C /* ViewController.swift */; };
		6E0AB2891B30526B0015AB8C /* Main.storyboard in Resources */ = {isa = PBXBuildFile; fileRef = 6E0AB2871B30526B0015AB8C /* Main.storyboard */; };
		6E0AB28B1B30526B0015AB8C /* Images.xcassets in Resources */ = {isa = PBXBuildFile; fileRef = 6E0AB28A1B30526B0015AB8C /* Images.xcassets */; };
		6E0AB28E1B30526B0015AB8C /* LaunchScreen.xib in Resources */ = {isa = PBXBuildFile; fileRef = 6E0AB28C1B30526B0015AB8C /* LaunchScreen.xib */; };
		6E0AB29A1B30526B0015AB8C /* MCP_2015Tests.swift in Sources */ = {isa = PBXBuildFile; fileRef = 6E0AB2991B30526B0015AB8C /* MCP_2015Tests.swift */; };
/* End PBXBuildFile section */

/* Begin PBXContainerItemProxy section */
		6E0AB2941B30526B0015AB8C /* PBXContainerItemProxy */ = {
			isa = PBXContainerItemProxy;
			containerPortal = 6E0AB2731B30526B0015AB8C /* Project object */;
			proxyType = 1;
			remoteGlobalIDString = 6E0AB27A1B30526B0015AB8C;
			remoteInfo = MCP_2015;
		};
/* End PBXContainerItemProxy section */

/* Begin PBXFileReference section */
		6E0AB27B1B30526B0015AB8C /* MCP_2015.app */ = {isa = PBXFileReference; explicitFileType = wrapper.application; includeInIndex = 0; path = MCP_2015.app; sourceTree = BUILT_PRODUCTS_DIR; };
		6E0AB27F1B30526B0015AB8C /* Info.plist */ = {isa = PBXFileReference; lastKnownFileType = text.plist.xml; path = Info.plist; sourceTree = "<group>"; };
		6E0AB2801B30526B0015AB8C /* AppDelegate.swift */ = {isa = PBXFileReference; lastKnownFileType = sourcecode.swift; path = AppDelegate.swift; sourceTree = "<group>"; };
		6E0AB2831B30526B0015AB8C /* MCP_2015.xcdatamodel */ = {isa = PBXFileReference; lastKnownFileType = wrapper.xcdatamodel; path = MCP_2015.xcdatamodel; sourceTree = "<group>"; };
		6E0AB2851B30526B0015AB8C /* ViewController.swift */ = {isa = PBXFileReference; lastKnownFileType = sourcecode.swift; path = ViewController.swift; sourceTree = "<group>"; };
		6E0AB2881B30526B0015AB8C /* Base */ = {isa = PBXFileReference; lastKnownFileType = file.storyboard; name = Base; path = Base.lproj/Main.storyboard; sourceTree = "<group>"; };
		6E0AB28A1B30526B0015AB8C /* Images.xcassets */ = {isa = PBXFileReference; lastKnownFileType = folder.assetcatalog; path = Images.xcassets; sourceTree = "<group>"; };
		6E0AB28D1B30526B0015AB8C /* Base */ = {isa = PBXFileReference; lastKnownFileType = file.xib; name = Base; path = Base.lproj/LaunchScreen.xib; sourceTree = "<group>"; };
		6E0AB2931B30526B0015AB8C /* MCP_2015Tests.xctest */ = {isa = PBXFileReference; explicitFileType = wrapper.cfbundle; includeInIndex = 0; path = MCP_2015Tests.xctest; sourceTree = BUILT_PRODUCTS_DIR; };
		6E0AB2981B30526B0015AB8C /* Info.plist */ = {isa = PBXFileReference; lastKnownFileType = text.plist.xml; path = Info.plist; sourceTree = "<group>"; };
		6E0AB2991B30526B0015AB8C /* MCP_2015Tests.swift */ = {isa = PBXFileReference; lastKnownFileType = sourcecode.swift; path = MCP_2015Tests.swift; sourceTree = "<group>"; };
/* End PBXFileReference section */

/* Begin PBXFrameworksBuildPhase section */
		6E0AB2781B30526B0015AB8C /* Frameworks */ = {
			isa = PBXFrameworksBuildPhase;
			buildActionMask = 2147483647;
			files = (
			);
			runOnlyForDeploymentPostprocessing = 0;
		};
		6E0AB2901B30526B0015AB8C /* Frameworks */ = {
			isa = PBXFrameworksBuildPhase;
			buildActionMask = 2147483647;
			files = (
			);
			runOnlyForDeploymentPostprocessing = 0;
		};
/* End PBXFrameworksBuildPhase section */

/* Begin PBXGroup section */
		6E0AB2721B30526B0015AB8C = {
			isa = PBXGroup;
			children = (
				6E0AB27D1B30526B0015AB8C /* MCP_2015 */,
				6E0AB2961B30526B0015AB8C /* MCP_2015Tests */,
				6E0AB27C1B30526B0015AB8C /* Products */,
			);
			sourceTree = "<group>";
		};
		6E0AB27C1B30526B0015AB8C /* Products */ = {
			isa = PBXGroup;
			children = (
				6E0AB27B1B30526B0015AB8C /* MCP_2015.app */,
				6E0AB2931B30526B0015AB8C /* MCP_2015Tests.xctest */,
			);
			name = Products;
			sourceTree = "<group>";
		};
		6E0AB27D1B30526B0015AB8C /* MCP_2015 */ = {
			isa = PBXGroup;
			children = (
				6E0AB2801B30526B0015AB8C /* AppDelegate.swift */,
				6E0AB2851B30526B0015AB8C /* ViewController.swift */,
				6E0AB2871B30526B0015AB8C /* Main.storyboard */,
				6E0AB28A1B30526B0015AB8C /* Images.xcassets */,
				6E0AB28C1B30526B0015AB8C /* LaunchScreen.xib */,
				6E0AB2821B30526B0015AB8C /* MCP_2015.xcdatamodeld */,
				6E0AB27E1B30526B0015AB8C /* Supporting Files */,
			);
			path = MCP_2015;
			sourceTree = "<group>";
		};
		6E0AB27E1B30526B0015AB8C /* Supporting Files */ = {
			isa = PBXGroup;
			children = (
				6E0AB27F1B30526B0015AB8C /* Info.plist */,
			);
			name = "Supporting Files";
			sourceTree = "<group>";
		};
		6E0AB2961B30526B0015AB8C /* MCP_2015Tests */ = {
			isa = PBXGroup;
			children = (
				6E0AB2991B30526B0015AB8C /* MCP_2015Tests.swift */,
				6E0AB2971B30526B0015AB8C /* Supporting Files */,
			);
			path = MCP_2015Tests;
			sourceTree = "<group>";
		};
		6E0AB2971B30526B0015AB8C /* Supporting Files */ = {
			isa = PBXGroup;
			children = (
				6E0AB2981B30526B0015AB8C /* Info.plist */,
			);
			name = "Supporting Files";
			sourceTree = "<group>";
		};
/* End PBXGroup section */

/* Begin PBXNativeTarget section */
		6E0AB27A1B30526B0015AB8C /* MCP_2015 */ = {
			isa = PBXNativeTarget;
			buildConfigurationList = 6E0AB29D1B30526B0015AB8C /* Build configuration list for PBXNativeTarget "MCP_2015" */;
			buildPhases = (
				6E0AB2771B30526B0015AB8C /* Sources */,
				6E0AB2781B30526B0015AB8C /* Frameworks */,
				6E0AB2791B30526B0015AB8C /* Resources */,
			);
			buildRules = (
			);
			dependencies = (
			);
			name = MCP_2015;
			productName = MCP_2015;
			productReference = 6E0AB27B1B30526B0015AB8C /* MCP_2015.app */;
			productType = "com.apple.product-type.application";
		};
		6E0AB2921B30526B0015AB8C /* MCP_2015Tests */ = {
			isa = PBXNativeTarget;
			buildConfigurationList = 6E0AB2A01B30526B0015AB8C /* Build configuration list for PBXNativeTarget "MCP_2015Tests" */;
			buildPhases = (
				6E0AB28F1B30526B0015AB8C /* Sources */,
				6E0AB2901B30526B0015AB8C /* Frameworks */,
				6E0AB2911B30526B0015AB8C /* Resources */,
			);
			buildRules = (
			);
			dependencies = (
				6E0AB2951B30526B0015AB8C /* PBXTargetDependency */,
			);
			name = MCP_2015Tests;
			productName = MCP_2015Tests;
			productReference = 6E0AB2931B30526B0015AB8C /* MCP_2015Tests.xctest */;
			productType = "com.apple.product-type.bundle.unit-test";
		};
/* End PBXNativeTarget section */

/* Begin PBXProject section */
		6E0AB2731B30526B0015AB8C /* Project object */ = {
			isa = PBXProject;
			attributes = {
				LastUpgradeCheck = 0620;
				ORGANIZATIONNAME = "MCP 2015";
				TargetAttributes = {
					6E0AB27A1B30526B0015AB8C = {
						CreatedOnToolsVersion = 6.2;
					};
					6E0AB2921B30526B0015AB8C = {
						CreatedOnToolsVersion = 6.2;
						TestTargetID = 6E0AB27A1B30526B0015AB8C;
					};
				};
			};
			buildConfigurationList = 6E0AB2761B30526B0015AB8C /* Build configuration list for PBXProject "MCP_2015" */;
			compatibilityVersion = "Xcode 3.2";
			developmentRegion = English;
			hasScannedForEncodings = 0;
			knownRegions = (
				en,
				Base,
			);
			mainGroup = 6E0AB2721B30526B0015AB8C;
			productRefGroup = 6E0AB27C1B30526B0015AB8C /* Products */;
			projectDirPath = "";
			projectRoot = "";
			targets = (
				6E0AB27A1B30526B0015AB8C /* MCP_2015 */,
				6E0AB2921B30526B0015AB8C /* MCP_2015Tests */,
			);
		};
/* End PBXProject section */

/* Begin PBXResourcesBuildPhase section */
		6E0AB2791B30526B0015AB8C /* Resources */ = {
			isa = PBXResourcesBuildPhase;
			buildActionMask = 2147483647;
			files = (
				6E0AB2891B30526B0015AB8C /* Main.storyboard in Resources */,
				6E0AB28E1B30526B0015AB8C /* LaunchScreen.xib in Resources */,
				6E0AB28B1B30526B0015AB8C /* Images.xcassets in Resources */,
			);
			runOnlyForDeploymentPostprocessing = 0;
		};
		6E0AB2911B30526B0015AB8C /* Resources */ = {
			isa = PBXResourcesBuildPhase;
			buildActionMask = 2147483647;
			files = (
			);
			runOnlyForDeploymentPostprocessing = 0;
		};
/* End PBXResourcesBuildPhase section */

/* Begin PBXSourcesBuildPhase section */
		6E0AB2771B30526B0015AB8C /* Sources */ = {
			isa = PBXSourcesBuildPhase;
			buildActionMask = 2147483647;
			files = (
				6E0AB2861B30526B0015AB8C /* ViewController.swift in Sources */,
				6E0AB2841B30526B0015AB8C /* MCP_2015.xcdatamodeld in Sources */,
				6E0AB2811B30526B0015AB8C /* AppDelegate.swift in Sources */,
			);
			runOnlyForDeploymentPostprocessing = 0;
		};
		6E0AB28F1B30526B0015AB8C /* Sources */ = {
			isa = PBXSourcesBuildPhase;
			buildActionMask = 2147483647;
			files = (
				6E0AB29A1B30526B0015AB8C /* MCP_2015Tests.swift in Sources */,
			);
			runOnlyForDeploymentPostprocessing = 0;
		};
/* End PBXSourcesBuildPhase section */

/* Begin PBXTargetDependency section */
		6E0AB2951B30526B0015AB8C /* PBXTargetDependency */ = {
			isa = PBXTargetDependency;
			target = 6E0AB27A1B30526B0015AB8C /* MCP_2015 */;
			targetProxy = 6E0AB2941B30526B0015AB8C /* PBXContainerItemProxy */;
		};
/* End PBXTargetDependency section */

/* Begin PBXVariantGroup section */
		6E0AB2871B30526B0015AB8C /* Main.storyboard */ = {
			isa = PBXVariantGroup;
			children = (
				6E0AB2881B30526B0015AB8C /* Base */,
			);
			name = Main.storyboard;
			sourceTree = "<group>";
		};
		6E0AB28C1B30526B0015AB8C /* LaunchScreen.xib */ = {
			isa = PBXVariantGroup;
			children = (
				6E0AB28D1B30526B0015AB8C /* Base */,
			);
			name = LaunchScreen.xib;
			sourceTree = "<group>";
		};
/* End PBXVariantGroup section */

/* Begin XCBuildConfiguration section */
		6E0AB29B1B30526B0015AB8C /* Debug */ = {
			isa = XCBuildConfiguration;
			buildSettings = {
				ALWAYS_SEARCH_USER_PATHS = NO;
				CLANG_CXX_LANGUAGE_STANDARD = "gnu++0x";
				CLANG_CXX_LIBRARY = "libc++";
				CLANG_ENABLE_MODULES = YES;
				CLANG_ENABLE_OBJC_ARC = YES;
				CLANG_WARN_BOOL_CONVERSION = YES;
				CLANG_WARN_CONSTANT_CONVERSION = YES;
				CLANG_WARN_DIRECT_OBJC_ISA_USAGE = YES_ERROR;
				CLANG_WARN_EMPTY_BODY = YES;
				CLANG_WARN_ENUM_CONVERSION = YES;
				CLANG_WARN_INT_CONVERSION = YES;
				CLANG_WARN_OBJC_ROOT_CLASS = YES_ERROR;
				CLANG_WARN_UNREACHABLE_CODE = YES;
				CLANG_WARN__DUPLICATE_METHOD_MATCH = YES;
				"CODE_SIGN_IDENTITY[sdk=iphoneos*]" = "iPhone Developer";
				COPY_PHASE_STRIP = NO;
				ENABLE_STRICT_OBJC_MSGSEND = YES;
				GCC_C_LANGUAGE_STANDARD = gnu99;
				GCC_DYNAMIC_NO_PIC = NO;
				GCC_OPTIMIZATION_LEVEL = 0;
				GCC_PREPROCESSOR_DEFINITIONS = (
					"DEBUG=1",
					"$(inherited)",
				);
				GCC_SYMBOLS_PRIVATE_EXTERN = NO;
				GCC_WARN_64_TO_32_BIT_CONVERSION = YES;
				GCC_WARN_ABOUT_RETURN_TYPE = YES_ERROR;
				GCC_WARN_UNDECLARED_SELECTOR = YES;
				GCC_WARN_UNINITIALIZED_AUTOS = YES_AGGRESSIVE;
				GCC_WARN_UNUSED_FUNCTION = YES;
				GCC_WARN_UNUSED_VARIABLE = YES;
				IPHONEOS_DEPLOYMENT_TARGET = 8.2;
				MTL_ENABLE_DEBUG_INFO = YES;
				ONLY_ACTIVE_ARCH = YES;
				SDKROOT = iphoneos;
				SWIFT_OPTIMIZATION_LEVEL = "-Onone";
			};
			name = Debug;
		};
		6E0AB29C1B30526B0015AB8C /* Release */ = {
			isa = XCBuildConfiguration;
			buildSettings = {
				ALWAYS_SEARCH_USER_PATHS = NO;
				CLANG_CXX_LANGUAGE_STANDARD = "gnu++0x";
				CLANG_CXX_LIBRARY = "libc++";
				CLANG_ENABLE_MODULES = YES;
				CLANG_ENABLE_OBJC_ARC = YES;
				CLANG_WARN_BOOL_CONVERSION = YES;
				CLANG_WARN_CONSTANT_CONVERSION = YES;
				CLANG_WARN_DIRECT_OBJC_ISA_USAGE = YES_ERROR;
				CLANG_WARN_EMPTY_BODY = YES;
				CLANG_WARN_ENUM_CONVERSION = YES;
				CLANG_WARN_INT_CONVERSION = YES;
				CLANG_WARN_OBJC_ROOT_CLASS = YES_ERROR;
				CLANG_WARN_UNREACHABLE_CODE = YES;
				CLANG_WARN__DUPLICATE_METHOD_MATCH = YES;
				"CODE_SIGN_IDENTITY[sdk=iphoneos*]" = "iPhone Developer";
				COPY_PHASE_STRIP = NO;
				ENABLE_NS_ASSERTIONS = NO;
				ENABLE_STRICT_OBJC_MSGSEND = YES;
				GCC_C_LANGUAGE_STANDARD = gnu99;
				GCC_WARN_64_TO_32_BIT_CONVERSION = YES;
				GCC_WARN_ABOUT_RETURN_TYPE = YES_ERROR;
				GCC_WARN_UNDECLARED_SELECTOR = YES;
				GCC_WARN_UNINITIALIZED_AUTOS = YES_AGGRESSIVE;
				GCC_WARN_UNUSED_FUNCTION = YES;
				GCC_WARN_UNUSED_VARIABLE = YES;
				IPHONEOS_DEPLOYMENT_TARGET = 8.2;
				MTL_ENABLE_DEBUG_INFO = NO;
				SDKROOT = iphoneos;
				VALIDATE_PRODUCT = YES;
			};
			name = Release;
		};
		6E0AB29E1B30526B0015AB8C /* Debug */ = {
			isa = XCBuildConfiguration;
			buildSettings = {
				ASSETCATALOG_COMPILER_APPICON_NAME = AppIcon;
				INFOPLIST_FILE = MCP_2015/Info.plist;
				LD_RUNPATH_SEARCH_PATHS = "$(inherited) @executable_path/Frameworks";
				PRODUCT_NAME = "$(TARGET_NAME)";
			};
			name = Debug;
		};
		6E0AB29F1B30526B0015AB8C /* Release */ = {
			isa = XCBuildConfiguration;
			buildSettings = {
				ASSETCATALOG_COMPILER_APPICON_NAME = AppIcon;
				INFOPLIST_FILE = MCP_2015/Info.plist;
				LD_RUNPATH_SEARCH_PATHS = "$(inherited) @executable_path/Frameworks";
				PRODUCT_NAME = "$(TARGET_NAME)";
			};
			name = Release;
		};
		6E0AB2A11B30526B0015AB8C /* Debug */ = {
			isa = XCBuildConfiguration;
			buildSettings = {
				BUNDLE_LOADER = "$(TEST_HOST)";
				FRAMEWORK_SEARCH_PATHS = (
					"$(SDKROOT)/Developer/Library/Frameworks",
					"$(inherited)",
				);
				GCC_PREPROCESSOR_DEFINITIONS = (
					"DEBUG=1",
					"$(inherited)",
				);
				INFOPLIST_FILE = MCP_2015Tests/Info.plist;
				LD_RUNPATH_SEARCH_PATHS = "$(inherited) @executable_path/Frameworks @loader_path/Frameworks";
				PRODUCT_NAME = "$(TARGET_NAME)";
				TEST_HOST = "$(BUILT_PRODUCTS_DIR)/MCP_2015.app/MCP_2015";
			};
			name = Debug;
		};
		6E0AB2A21B30526B0015AB8C /* Release */ = {
			isa = XCBuildConfiguration;
			buildSettings = {
				BUNDLE_LOADER = "$(TEST_HOST)";
				FRAMEWORK_SEARCH_PATHS = (
					"$(SDKROOT)/Developer/Library/Frameworks",
					"$(inherited)",
				);
				INFOPLIST_FILE = MCP_2015Tests/Info.plist;
				LD_RUNPATH_SEARCH_PATHS = "$(inherited) @executable_path/Frameworks @loader_path/Frameworks";
				PRODUCT_NAME = "$(TARGET_NAME)";
				TEST_HOST = "$(BUILT_PRODUCTS_DIR)/MCP_2015.app/MCP_2015";
			};
			name = Release;
		};
/* End XCBuildConfiguration section */

/* Begin XCConfigurationList section */
		6E0AB2761B30526B0015AB8C /* Build configuration list for PBXProject "MCP_2015" */ = {
			isa = XCConfigurationList;
			buildConfigurations = (
				6E0AB29B1B30526B0015AB8C /* Debug */,
				6E0AB29C1B30526B0015AB8C /* Release */,
			);
			defaultConfigurationIsVisible = 0;
			defaultConfigurationName = Release;
		};
		6E0AB29D1B30526B0015AB8C /* Build configuration list for PBXNativeTarget "MCP_2015" */ = {
			isa = XCConfigurationList;
			buildConfigurations = (
				6E0AB29E1B30526B0015AB8C /* Debug */,
				6E0AB29F1B30526B0015AB8C /* Release */,
			);
			defaultConfigurationIsVisible = 0;
		};
		6E0AB2A01B30526B0015AB8C /* Build configuration list for PBXNativeTarget "MCP_2015Tests" */ = {
			isa = XCConfigurationList;
			buildConfigurations = (
				6E0AB2A11B30526B0015AB8C /* Debug */,
				6E0AB2A21B30526B0015AB8C /* Release */,
			);
			defaultConfigurationIsVisible = 0;
		};
/* End XCConfigurationList section */

/* Begin XCVersionGroup section */
		6E0AB2821B30526B0015AB8C /* MCP_2015.xcdatamodeld */ = {
			isa = XCVersionGroup;
			children = (
				6E0AB2831B30526B0015AB8C /* MCP_2015.xcdatamodel */,
			);
			currentVersion = 6E0AB2831B30526B0015AB8C /* MCP_2015.xcdatamodel */;
			path = MCP_2015.xcdatamodeld;
			sourceTree = "<group>";
			versionGroupType = wrapper.xcdatamodel;
		};
/* End XCVersionGroup section */
	};
	rootObject = 6E0AB2731B30526B0015AB8C /* Project object */;
}
